
Microsoft Visual Studio Solution File, Format Version 12.00
# Visual Studio 15
VisualStudioVersion = 15.0.27916.1
MinimumVisualStudioVersion = 10.0.40219.1
Project("{2150E333-8FDC-42A3-9474-1A3956D46DE8}") = "Solution Items", "Solution Items", "{46A71933-B9E1-4101-AD63-56B218F2403F}"
	ProjectSection(SolutionItems) = preProject
		Directory.Build.props = Directory.Build.props
		Directory.Build.targets = Directory.Build.targets
		global.json = global.json
		NuGet.config = NuGet.config
	EndProjectSection
EndProject
Project("{9A19103F-16F7-4668-BE54-9A1E7A4F7556}") = "WPF-Library", "WPF-Library\WPF-Library.csproj", "{93B7FADE-395D-402A-8CCB-159412A784FB}"
EndProject
Project("{9A19103F-16F7-4668-BE54-9A1E7A4F7556}") = "WPF-Application", "WPF-Application\WPF-Application.csproj", "{C43E3FCC-C56C-4A8C-9E2A-CBCF4EFA9093}"
EndProject
Project("{9A19103F-16F7-4668-BE54-9A1E7A4F7556}") = "Framework-Library", "Framework-Library\Framework-Library.csproj", "{A9D1A6B9-11FE-47C9-B59E-95BEFB7804E5}"
EndProject
Project("{FAE04EC0-301F-11D3-BF4B-00C04F79EFBC}") = "ManagedWinRT", "ManagedWinRT\ManagedWinRT.csproj", "{394C7304-9D39-454C-8D94-42A2195598EF}"
EndProject
Project("{FAE04EC0-301F-11D3-BF4B-00C04F79EFBC}") = "WrapperForWinRT", "WrapperForWinRT\WrapperForWinRT.csproj", "{0839CD44-1084-4ED4-A808-EF2AA993EA69}"
EndProject
Project("{FAE04EC0-301F-11D3-BF4B-00C04F79EFBC}") = "WpfApp1", "WpfApp1\WpfApp1.csproj", "{10B40D91-7A43-4F31-BA09-43A346A1940D}"
EndProject
Global
	GlobalSection(SolutionConfigurationPlatforms) = preSolution
		Debug|Any CPU = Debug|Any CPU
		Debug|ARM = Debug|ARM
		Debug|x64 = Debug|x64
		Debug|x86 = Debug|x86
		Release|Any CPU = Release|Any CPU
		Release|ARM = Release|ARM
		Release|x64 = Release|x64
		Release|x86 = Release|x86
	EndGlobalSection
	GlobalSection(ProjectConfigurationPlatforms) = postSolution
		{93B7FADE-395D-402A-8CCB-159412A784FB}.Debug|Any CPU.ActiveCfg = Debug|Any CPU
		{93B7FADE-395D-402A-8CCB-159412A784FB}.Debug|Any CPU.Build.0 = Debug|Any CPU
		{93B7FADE-395D-402A-8CCB-159412A784FB}.Debug|ARM.ActiveCfg = Debug|Any CPU
		{93B7FADE-395D-402A-8CCB-159412A784FB}.Debug|ARM.Build.0 = Debug|Any CPU
		{93B7FADE-395D-402A-8CCB-159412A784FB}.Debug|x64.ActiveCfg = Debug|Any CPU
		{93B7FADE-395D-402A-8CCB-159412A784FB}.Debug|x64.Build.0 = Debug|Any CPU
		{93B7FADE-395D-402A-8CCB-159412A784FB}.Debug|x86.ActiveCfg = Debug|Any CPU
		{93B7FADE-395D-402A-8CCB-159412A784FB}.Debug|x86.Build.0 = Debug|Any CPU
		{93B7FADE-395D-402A-8CCB-159412A784FB}.Release|Any CPU.ActiveCfg = Release|Any CPU
		{93B7FADE-395D-402A-8CCB-159412A784FB}.Release|Any CPU.Build.0 = Release|Any CPU
		{93B7FADE-395D-402A-8CCB-159412A784FB}.Release|ARM.ActiveCfg = Release|Any CPU
		{93B7FADE-395D-402A-8CCB-159412A784FB}.Release|ARM.Build.0 = Release|Any CPU
		{93B7FADE-395D-402A-8CCB-159412A784FB}.Release|x64.ActiveCfg = Release|Any CPU
		{93B7FADE-395D-402A-8CCB-159412A784FB}.Release|x64.Build.0 = Release|Any CPU
		{93B7FADE-395D-402A-8CCB-159412A784FB}.Release|x86.ActiveCfg = Release|Any CPU
		{93B7FADE-395D-402A-8CCB-159412A784FB}.Release|x86.Build.0 = Release|Any CPU
		{C43E3FCC-C56C-4A8C-9E2A-CBCF4EFA9093}.Debug|Any CPU.ActiveCfg = Debug|Any CPU
		{C43E3FCC-C56C-4A8C-9E2A-CBCF4EFA9093}.Debug|Any CPU.Build.0 = Debug|Any CPU
		{C43E3FCC-C56C-4A8C-9E2A-CBCF4EFA9093}.Debug|ARM.ActiveCfg = Debug|Any CPU
		{C43E3FCC-C56C-4A8C-9E2A-CBCF4EFA9093}.Debug|ARM.Build.0 = Debug|Any CPU
		{C43E3FCC-C56C-4A8C-9E2A-CBCF4EFA9093}.Debug|x64.ActiveCfg = Debug|Any CPU
		{C43E3FCC-C56C-4A8C-9E2A-CBCF4EFA9093}.Debug|x64.Build.0 = Debug|Any CPU
		{C43E3FCC-C56C-4A8C-9E2A-CBCF4EFA9093}.Debug|x86.ActiveCfg = Debug|Any CPU
		{C43E3FCC-C56C-4A8C-9E2A-CBCF4EFA9093}.Debug|x86.Build.0 = Debug|Any CPU
		{C43E3FCC-C56C-4A8C-9E2A-CBCF4EFA9093}.Release|Any CPU.ActiveCfg = Release|Any CPU
		{C43E3FCC-C56C-4A8C-9E2A-CBCF4EFA9093}.Release|Any CPU.Build.0 = Release|Any CPU
		{C43E3FCC-C56C-4A8C-9E2A-CBCF4EFA9093}.Release|ARM.ActiveCfg = Release|Any CPU
		{C43E3FCC-C56C-4A8C-9E2A-CBCF4EFA9093}.Release|ARM.Build.0 = Release|Any CPU
		{C43E3FCC-C56C-4A8C-9E2A-CBCF4EFA9093}.Release|x64.ActiveCfg = Release|Any CPU
		{C43E3FCC-C56C-4A8C-9E2A-CBCF4EFA9093}.Release|x64.Build.0 = Release|Any CPU
		{C43E3FCC-C56C-4A8C-9E2A-CBCF4EFA9093}.Release|x86.ActiveCfg = Release|Any CPU
		{C43E3FCC-C56C-4A8C-9E2A-CBCF4EFA9093}.Release|x86.Build.0 = Release|Any CPU
		{A9D1A6B9-11FE-47C9-B59E-95BEFB7804E5}.Debug|Any CPU.ActiveCfg = Debug|Any CPU
		{A9D1A6B9-11FE-47C9-B59E-95BEFB7804E5}.Debug|Any CPU.Build.0 = Debug|Any CPU
		{A9D1A6B9-11FE-47C9-B59E-95BEFB7804E5}.Debug|ARM.ActiveCfg = Debug|Any CPU
		{A9D1A6B9-11FE-47C9-B59E-95BEFB7804E5}.Debug|ARM.Build.0 = Debug|Any CPU
		{A9D1A6B9-11FE-47C9-B59E-95BEFB7804E5}.Debug|x64.ActiveCfg = Debug|Any CPU
		{A9D1A6B9-11FE-47C9-B59E-95BEFB7804E5}.Debug|x64.Build.0 = Debug|Any CPU
		{A9D1A6B9-11FE-47C9-B59E-95BEFB7804E5}.Debug|x86.ActiveCfg = Debug|Any CPU
		{A9D1A6B9-11FE-47C9-B59E-95BEFB7804E5}.Debug|x86.Build.0 = Debug|Any CPU
		{A9D1A6B9-11FE-47C9-B59E-95BEFB7804E5}.Release|Any CPU.ActiveCfg = Release|Any CPU
		{A9D1A6B9-11FE-47C9-B59E-95BEFB7804E5}.Release|Any CPU.Build.0 = Release|Any CPU
		{A9D1A6B9-11FE-47C9-B59E-95BEFB7804E5}.Release|ARM.ActiveCfg = Release|Any CPU
		{A9D1A6B9-11FE-47C9-B59E-95BEFB7804E5}.Release|ARM.Build.0 = Release|Any CPU
		{A9D1A6B9-11FE-47C9-B59E-95BEFB7804E5}.Release|x64.ActiveCfg = Release|Any CPU
		{A9D1A6B9-11FE-47C9-B59E-95BEFB7804E5}.Release|x64.Build.0 = Release|Any CPU
		{A9D1A6B9-11FE-47C9-B59E-95BEFB7804E5}.Release|x86.ActiveCfg = Release|Any CPU
		{A9D1A6B9-11FE-47C9-B59E-95BEFB7804E5}.Release|x86.Build.0 = Release|Any CPU
		{394C7304-9D39-454C-8D94-42A2195598EF}.Debug|Any CPU.ActiveCfg = Debug|Any CPU
		{394C7304-9D39-454C-8D94-42A2195598EF}.Debug|Any CPU.Build.0 = Debug|Any CPU
		{394C7304-9D39-454C-8D94-42A2195598EF}.Debug|ARM.ActiveCfg = Debug|ARM
		{394C7304-9D39-454C-8D94-42A2195598EF}.Debug|ARM.Build.0 = Debug|ARM
		{394C7304-9D39-454C-8D94-42A2195598EF}.Debug|x64.ActiveCfg = Debug|x64
		{394C7304-9D39-454C-8D94-42A2195598EF}.Debug|x64.Build.0 = Debug|x64
		{394C7304-9D39-454C-8D94-42A2195598EF}.Debug|x86.ActiveCfg = Debug|x86
		{394C7304-9D39-454C-8D94-42A2195598EF}.Debug|x86.Build.0 = Debug|x86
		{394C7304-9D39-454C-8D94-42A2195598EF}.Release|Any CPU.ActiveCfg = Release|Any CPU
		{394C7304-9D39-454C-8D94-42A2195598EF}.Release|Any CPU.Build.0 = Release|Any CPU
		{394C7304-9D39-454C-8D94-42A2195598EF}.Release|ARM.ActiveCfg = Release|ARM
		{394C7304-9D39-454C-8D94-42A2195598EF}.Release|ARM.Build.0 = Release|ARM
		{394C7304-9D39-454C-8D94-42A2195598EF}.Release|x64.ActiveCfg = Release|x64
		{394C7304-9D39-454C-8D94-42A2195598EF}.Release|x64.Build.0 = Release|x64
		{394C7304-9D39-454C-8D94-42A2195598EF}.Release|x86.ActiveCfg = Release|x86
		{394C7304-9D39-454C-8D94-42A2195598EF}.Release|x86.Build.0 = Release|x86
		{0839CD44-1084-4ED4-A808-EF2AA993EA69}.Debug|Any CPU.ActiveCfg = Debug|Any CPU
		{0839CD44-1084-4ED4-A808-EF2AA993EA69}.Debug|Any CPU.Build.0 = Debug|Any CPU
		{0839CD44-1084-4ED4-A808-EF2AA993EA69}.Debug|ARM.ActiveCfg = Debug|Any CPU
		{0839CD44-1084-4ED4-A808-EF2AA993EA69}.Debug|ARM.Build.0 = Debug|Any CPU
		{0839CD44-1084-4ED4-A808-EF2AA993EA69}.Debug|x64.ActiveCfg = Debug|Any CPU
		{0839CD44-1084-4ED4-A808-EF2AA993EA69}.Debug|x64.Build.0 = Debug|Any CPU
		{0839CD44-1084-4ED4-A808-EF2AA993EA69}.Debug|x86.ActiveCfg = Debug|Any CPU
		{0839CD44-1084-4ED4-A808-EF2AA993EA69}.Debug|x86.Build.0 = Debug|Any CPU
		{0839CD44-1084-4ED4-A808-EF2AA993EA69}.Release|Any CPU.ActiveCfg = Release|Any CPU
		{0839CD44-1084-4ED4-A808-EF2AA993EA69}.Release|Any CPU.Build.0 = Release|Any CPU
		{0839CD44-1084-4ED4-A808-EF2AA993EA69}.Release|ARM.ActiveCfg = Release|Any CPU
		{0839CD44-1084-4ED4-A808-EF2AA993EA69}.Release|ARM.Build.0 = Release|Any CPU
		{0839CD44-1084-4ED4-A808-EF2AA993EA69}.Release|x64.ActiveCfg = Release|Any CPU
		{0839CD44-1084-4ED4-A808-EF2AA993EA69}.Release|x64.Build.0 = Release|Any CPU
		{0839CD44-1084-4ED4-A808-EF2AA993EA69}.Release|x86.ActiveCfg = Release|Any CPU
		{0839CD44-1084-4ED4-A808-EF2AA993EA69}.Release|x86.Build.0 = Release|Any CPU
		{10B40D91-7A43-4F31-BA09-43A346A1940D}.Debug|Any CPU.ActiveCfg = Debug|Any CPU
		{10B40D91-7A43-4F31-BA09-43A346A1940D}.Debug|Any CPU.Build.0 = Debug|Any CPU
		{10B40D91-7A43-4F31-BA09-43A346A1940D}.Debug|ARM.ActiveCfg = Debug|Any CPU
		{10B40D91-7A43-4F31-BA09-43A346A1940D}.Debug|ARM.Build.0 = Debug|Any CPU
		{10B40D91-7A43-4F31-BA09-43A346A1940D}.Debug|x64.ActiveCfg = Debug|Any CPU
		{10B40D91-7A43-4F31-BA09-43A346A1940D}.Debug|x64.Build.0 = Debug|Any CPU
		{10B40D91-7A43-4F31-BA09-43A346A1940D}.Debug|x86.ActiveCfg = Debug|Any CPU
		{10B40D91-7A43-4F31-BA09-43A346A1940D}.Debug|x86.Build.0 = Debug|Any CPU
		{10B40D91-7A43-4F31-BA09-43A346A1940D}.Release|Any CPU.ActiveCfg = Release|Any CPU
		{10B40D91-7A43-4F31-BA09-43A346A1940D}.Release|Any CPU.Build.0 = Release|Any CPU
		{10B40D91-7A43-4F31-BA09-43A346A1940D}.Release|ARM.ActiveCfg = Release|Any CPU
		{10B40D91-7A43-4F31-BA09-43A346A1940D}.Release|ARM.Build.0 = Release|Any CPU
		{10B40D91-7A43-4F31-BA09-43A346A1940D}.Release|x64.ActiveCfg = Release|Any CPU
		{10B40D91-7A43-4F31-BA09-43A346A1940D}.Release|x64.Build.0 = Release|Any CPU
		{10B40D91-7A43-4F31-BA09-43A346A1940D}.Release|x86.ActiveCfg = Release|Any CPU
		{10B40D91-7A43-4F31-BA09-43A346A1940D}.Release|x86.Build.0 = Release|Any CPU
	EndGlobalSection
	GlobalSection(SolutionProperties) = preSolution
		HideSolutionNode = FALSE
	EndGlobalSection
	GlobalSection(ExtensibilityGlobals) = postSolution
		SolutionGuid = {BDF3AC6D-0A4D-4E3E-9B4D-FD9BF60DCF5A}
	EndGlobalSection
EndGlobal
